// !$*UTF8*$!
{
	archiveVersion = 1;
	classes = {
	};
	objectVersion = 55;
	objects = {

/* Begin PBXBuildFile section */
		3D066C7A2821DE6900DC7D66 /* SearchBrowseAllCollectionViewCell.swift in Sources */ = {isa = PBXBuildFile; fileRef = 3D066C792821DE6900DC7D66 /* SearchBrowseAllCollectionViewCell.swift */; };
		3D57D4CF282126CF00D16197 /* SearchTopGenresCollectionViewCell.swift in Sources */ = {isa = PBXBuildFile; fileRef = 3D57D4CE282126CF00D16197 /* SearchTopGenresCollectionViewCell.swift */; };
		3D85966F2820804F00FC027C /* MusicTypes.swift in Sources */ = {isa = PBXBuildFile; fileRef = 3D85966E2820804F00FC027C /* MusicTypes.swift */; };
		3DFE1519282012E60042881A /* AppDelegate.swift in Sources */ = {isa = PBXBuildFile; fileRef = 3DFE1518282012E60042881A /* AppDelegate.swift */; };
		3DFE151B282012E60042881A /* SceneDelegate.swift in Sources */ = {isa = PBXBuildFile; fileRef = 3DFE151A282012E60042881A /* SceneDelegate.swift */; };
		3DFE151D282012E60042881A /* ViewController.swift in Sources */ = {isa = PBXBuildFile; fileRef = 3DFE151C282012E60042881A /* ViewController.swift */; };
		3DFE1520282012E60042881A /* Main.storyboard in Resources */ = {isa = PBXBuildFile; fileRef = 3DFE151E282012E60042881A /* Main.storyboard */; };
		3DFE1523282012E60042881A /* Spotify_Design.xcdatamodeld in Sources */ = {isa = PBXBuildFile; fileRef = 3DFE1521282012E60042881A /* Spotify_Design.xcdatamodeld */; };
		3DFE1525282012E70042881A /* Assets.xcassets in Resources */ = {isa = PBXBuildFile; fileRef = 3DFE1524282012E70042881A /* Assets.xcassets */; };
		3DFE1528282012E70042881A /* LaunchScreen.storyboard in Resources */ = {isa = PBXBuildFile; fileRef = 3DFE1526282012E70042881A /* LaunchScreen.storyboard */; };
		3DFE1533282012E70042881A /* Spotify_DesignTests.swift in Sources */ = {isa = PBXBuildFile; fileRef = 3DFE1532282012E70042881A /* Spotify_DesignTests.swift */; };
		3DFE153D282012E70042881A /* Spotify_DesignUITests.swift in Sources */ = {isa = PBXBuildFile; fileRef = 3DFE153C282012E70042881A /* Spotify_DesignUITests.swift */; };
		3DFE153F282012E70042881A /* Spotify_DesignUITestsLaunchTests.swift in Sources */ = {isa = PBXBuildFile; fileRef = 3DFE153E282012E70042881A /* Spotify_DesignUITestsLaunchTests.swift */; };
		3DFE154F28202DE80042881A /* MainViewController.swift in Sources */ = {isa = PBXBuildFile; fileRef = 3DFE154E28202DE80042881A /* MainViewController.swift */; };
		3DFE155128202DFD0042881A /* SearchViewController.swift in Sources */ = {isa = PBXBuildFile; fileRef = 3DFE155028202DFD0042881A /* SearchViewController.swift */; };
		3DFE155328202E110042881A /* YourLibraryViewController.swift in Sources */ = {isa = PBXBuildFile; fileRef = 3DFE155228202E110042881A /* YourLibraryViewController.swift */; };
/* End PBXBuildFile section */

/* Begin PBXContainerItemProxy section */
		3DFE152F282012E70042881A /* PBXContainerItemProxy */ = {
			isa = PBXContainerItemProxy;
			containerPortal = 3DFE150D282012E60042881A /* Project object */;
			proxyType = 1;
			remoteGlobalIDString = 3DFE1514282012E60042881A;
			remoteInfo = "Spotify-Design";
		};
		3DFE1539282012E70042881A /* PBXContainerItemProxy */ = {
			isa = PBXContainerItemProxy;
			containerPortal = 3DFE150D282012E60042881A /* Project object */;
			proxyType = 1;
			remoteGlobalIDString = 3DFE1514282012E60042881A;
			remoteInfo = "Spotify-Design";
		};
/* End PBXContainerItemProxy section */

/* Begin PBXFileReference section */
		3D066C792821DE6900DC7D66 /* SearchBrowseAllCollectionViewCell.swift */ = {isa = PBXFileReference; lastKnownFileType = sourcecode.swift; path = SearchBrowseAllCollectionViewCell.swift; sourceTree = "<group>"; };
		3D57D4CE282126CF00D16197 /* SearchTopGenresCollectionViewCell.swift */ = {isa = PBXFileReference; lastKnownFileType = sourcecode.swift; path = SearchTopGenresCollectionViewCell.swift; sourceTree = "<group>"; };
		3D85966E2820804F00FC027C /* MusicTypes.swift */ = {isa = PBXFileReference; lastKnownFileType = sourcecode.swift; path = MusicTypes.swift; sourceTree = "<group>"; };
		3DFE1515282012E60042881A /* Spotify-Design.app */ = {isa = PBXFileReference; explicitFileType = wrapper.application; includeInIndex = 0; path = "Spotify-Design.app"; sourceTree = BUILT_PRODUCTS_DIR; };
		3DFE1518282012E60042881A /* AppDelegate.swift */ = {isa = PBXFileReference; lastKnownFileType = sourcecode.swift; path = AppDelegate.swift; sourceTree = "<group>"; };
		3DFE151A282012E60042881A /* SceneDelegate.swift */ = {isa = PBXFileReference; lastKnownFileType = sourcecode.swift; path = SceneDelegate.swift; sourceTree = "<group>"; };
		3DFE151C282012E60042881A /* ViewController.swift */ = {isa = PBXFileReference; lastKnownFileType = sourcecode.swift; path = ViewController.swift; sourceTree = "<group>"; };
		3DFE151F282012E60042881A /* Base */ = {isa = PBXFileReference; lastKnownFileType = file.storyboard; name = Base; path = Base.lproj/Main.storyboard; sourceTree = "<group>"; };
		3DFE1522282012E60042881A /* Spotify_Design.xcdatamodel */ = {isa = PBXFileReference; lastKnownFileType = wrapper.xcdatamodel; path = Spotify_Design.xcdatamodel; sourceTree = "<group>"; };
		3DFE1524282012E70042881A /* Assets.xcassets */ = {isa = PBXFileReference; lastKnownFileType = folder.assetcatalog; path = Assets.xcassets; sourceTree = "<group>"; };
		3DFE1527282012E70042881A /* Base */ = {isa = PBXFileReference; lastKnownFileType = file.storyboard; name = Base; path = Base.lproj/LaunchScreen.storyboard; sourceTree = "<group>"; };
		3DFE1529282012E70042881A /* Info.plist */ = {isa = PBXFileReference; lastKnownFileType = text.plist.xml; path = Info.plist; sourceTree = "<group>"; };
		3DFE152E282012E70042881A /* Spotify-DesignTests.xctest */ = {isa = PBXFileReference; explicitFileType = wrapper.cfbundle; includeInIndex = 0; path = "Spotify-DesignTests.xctest"; sourceTree = BUILT_PRODUCTS_DIR; };
		3DFE1532282012E70042881A /* Spotify_DesignTests.swift */ = {isa = PBXFileReference; lastKnownFileType = sourcecode.swift; path = Spotify_DesignTests.swift; sourceTree = "<group>"; };
		3DFE1538282012E70042881A /* Spotify-DesignUITests.xctest */ = {isa = PBXFileReference; explicitFileType = wrapper.cfbundle; includeInIndex = 0; path = "Spotify-DesignUITests.xctest"; sourceTree = BUILT_PRODUCTS_DIR; };
		3DFE153C282012E70042881A /* Spotify_DesignUITests.swift */ = {isa = PBXFileReference; lastKnownFileType = sourcecode.swift; path = Spotify_DesignUITests.swift; sourceTree = "<group>"; };
		3DFE153E282012E70042881A /* Spotify_DesignUITestsLaunchTests.swift */ = {isa = PBXFileReference; lastKnownFileType = sourcecode.swift; path = Spotify_DesignUITestsLaunchTests.swift; sourceTree = "<group>"; };
		3DFE154B282029230042881A /* tr */ = {isa = PBXFileReference; lastKnownFileType = text.plist.strings; name = tr; path = tr.lproj/Main.strings; sourceTree = "<group>"; };
		3DFE154C282029230042881A /* tr */ = {isa = PBXFileReference; lastKnownFileType = text.plist.strings; name = tr; path = tr.lproj/LaunchScreen.strings; sourceTree = "<group>"; };
		3DFE154D282029C70042881A /* en-GB */ = {isa = PBXFileReference; lastKnownFileType = text.plist.strings; name = "en-GB"; path = "en-GB.lproj/Main.strings"; sourceTree = "<group>"; };
		3DFE154E28202DE80042881A /* MainViewController.swift */ = {isa = PBXFileReference; lastKnownFileType = sourcecode.swift; path = MainViewController.swift; sourceTree = "<group>"; };
		3DFE155028202DFD0042881A /* SearchViewController.swift */ = {isa = PBXFileReference; lastKnownFileType = sourcecode.swift; path = SearchViewController.swift; sourceTree = "<group>"; };
		3DFE155228202E110042881A /* YourLibraryViewController.swift */ = {isa = PBXFileReference; lastKnownFileType = sourcecode.swift; path = YourLibraryViewController.swift; sourceTree = "<group>"; };
/* End PBXFileReference section */

/* Begin PBXFrameworksBuildPhase section */
		3DFE1512282012E60042881A /* Frameworks */ = {
			isa = PBXFrameworksBuildPhase;
			buildActionMask = 2147483647;
			files = (
			);
			runOnlyForDeploymentPostprocessing = 0;
		};
		3DFE152B282012E70042881A /* Frameworks */ = {
			isa = PBXFrameworksBuildPhase;
			buildActionMask = 2147483647;
			files = (
			);
			runOnlyForDeploymentPostprocessing = 0;
		};
		3DFE1535282012E70042881A /* Frameworks */ = {
			isa = PBXFrameworksBuildPhase;
			buildActionMask = 2147483647;
			files = (
			);
			runOnlyForDeploymentPostprocessing = 0;
		};
/* End PBXFrameworksBuildPhase section */

/* Begin PBXGroup section */
		3DFE150C282012E60042881A = {
			isa = PBXGroup;
			children = (
				3DFE1517282012E60042881A /* Spotify-Design */,
				3DFE1531282012E70042881A /* Spotify-DesignTests */,
				3DFE153B282012E70042881A /* Spotify-DesignUITests */,
				3DFE1516282012E60042881A /* Products */,
			);
			sourceTree = "<group>";
		};
		3DFE1516282012E60042881A /* Products */ = {
			isa = PBXGroup;
			children = (
				3DFE1515282012E60042881A /* Spotify-Design.app */,
				3DFE152E282012E70042881A /* Spotify-DesignTests.xctest */,
				3DFE1538282012E70042881A /* Spotify-DesignUITests.xctest */,
			);
			name = Products;
			sourceTree = "<group>";
		};
		3DFE1517282012E60042881A /* Spotify-Design */ = {
			isa = PBXGroup;
			children = (
				3DFE1518282012E60042881A /* AppDelegate.swift */,
				3DFE151A282012E60042881A /* SceneDelegate.swift */,
				3DFE151C282012E60042881A /* ViewController.swift */,
				3D85966E2820804F00FC027C /* MusicTypes.swift */,
				3DFE155228202E110042881A /* YourLibraryViewController.swift */,
				3DFE155028202DFD0042881A /* SearchViewController.swift */,
				3D066C792821DE6900DC7D66 /* SearchBrowseAllCollectionViewCell.swift */,
				3D57D4CE282126CF00D16197 /* SearchTopGenresCollectionViewCell.swift */,
				3DFE154E28202DE80042881A /* MainViewController.swift */,
				3DFE151E282012E60042881A /* Main.storyboard */,
				3DFE1524282012E70042881A /* Assets.xcassets */,
				3DFE1526282012E70042881A /* LaunchScreen.storyboard */,
				3DFE1529282012E70042881A /* Info.plist */,
				3DFE1521282012E60042881A /* Spotify_Design.xcdatamodeld */,
			);
			path = "Spotify-Design";
			sourceTree = "<group>";
		};
		3DFE1531282012E70042881A /* Spotify-DesignTests */ = {
			isa = PBXGroup;
			children = (
				3DFE1532282012E70042881A /* Spotify_DesignTests.swift */,
			);
			path = "Spotify-DesignTests";
			sourceTree = "<group>";
		};
		3DFE153B282012E70042881A /* Spotify-DesignUITests */ = {
			isa = PBXGroup;
			children = (
				3DFE153C282012E70042881A /* Spotify_DesignUITests.swift */,
				3DFE153E282012E70042881A /* Spotify_DesignUITestsLaunchTests.swift */,
			);
			path = "Spotify-DesignUITests";
			sourceTree = "<group>";
		};
/* End PBXGroup section */

/* Begin PBXNativeTarget section */
		3DFE1514282012E60042881A /* Spotify-Design */ = {
			isa = PBXNativeTarget;
			buildConfigurationList = 3DFE1542282012E70042881A /* Build configuration list for PBXNativeTarget "Spotify-Design" */;
			buildPhases = (
				3DFE1511282012E60042881A /* Sources */,
				3DFE1512282012E60042881A /* Frameworks */,
				3DFE1513282012E60042881A /* Resources */,
			);
			buildRules = (
			);
			dependencies = (
			);
			name = "Spotify-Design";
			productName = "Spotify-Design";
			productReference = 3DFE1515282012E60042881A /* Spotify-Design.app */;
			productType = "com.apple.product-type.application";
		};
		3DFE152D282012E70042881A /* Spotify-DesignTests */ = {
			isa = PBXNativeTarget;
			buildConfigurationList = 3DFE1545282012E70042881A /* Build configuration list for PBXNativeTarget "Spotify-DesignTests" */;
			buildPhases = (
				3DFE152A282012E70042881A /* Sources */,
				3DFE152B282012E70042881A /* Frameworks */,
				3DFE152C282012E70042881A /* Resources */,
			);
			buildRules = (
			);
			dependencies = (
				3DFE1530282012E70042881A /* PBXTargetDependency */,
			);
			name = "Spotify-DesignTests";
			productName = "Spotify-DesignTests";
			productReference = 3DFE152E282012E70042881A /* Spotify-DesignTests.xctest */;
			productType = "com.apple.product-type.bundle.unit-test";
		};
		3DFE1537282012E70042881A /* Spotify-DesignUITests */ = {
			isa = PBXNativeTarget;
			buildConfigurationList = 3DFE1548282012E70042881A /* Build configuration list for PBXNativeTarget "Spotify-DesignUITests" */;
			buildPhases = (
				3DFE1534282012E70042881A /* Sources */,
				3DFE1535282012E70042881A /* Frameworks */,
				3DFE1536282012E70042881A /* Resources */,
			);
			buildRules = (
			);
			dependencies = (
				3DFE153A282012E70042881A /* PBXTargetDependency */,
			);
			name = "Spotify-DesignUITests";
			productName = "Spotify-DesignUITests";
			productReference = 3DFE1538282012E70042881A /* Spotify-DesignUITests.xctest */;
			productType = "com.apple.product-type.bundle.ui-testing";
		};
/* End PBXNativeTarget section */

/* Begin PBXProject section */
		3DFE150D282012E60042881A /* Project object */ = {
			isa = PBXProject;
			attributes = {
				BuildIndependentTargetsInParallel = 1;
				LastSwiftUpdateCheck = 1320;
				LastUpgradeCheck = 1320;
				TargetAttributes = {
					3DFE1514282012E60042881A = {
						CreatedOnToolsVersion = 13.2.1;
					};
					3DFE152D282012E70042881A = {
						CreatedOnToolsVersion = 13.2.1;
						TestTargetID = 3DFE1514282012E60042881A;
					};
					3DFE1537282012E70042881A = {
						CreatedOnToolsVersion = 13.2.1;
						TestTargetID = 3DFE1514282012E60042881A;
					};
				};
			};
			buildConfigurationList = 3DFE1510282012E60042881A /* Build configuration list for PBXProject "Spotify-Design" */;
			compatibilityVersion = "Xcode 13.0";
			developmentRegion = en;
			hasScannedForEncodings = 0;
			knownRegions = (
				en,
				Base,
				tr,
				"en-GB",
			);
			mainGroup = 3DFE150C282012E60042881A;
			productRefGroup = 3DFE1516282012E60042881A /* Products */;
			projectDirPath = "";
			projectRoot = "";
			targets = (
				3DFE1514282012E60042881A /* Spotify-Design */,
				3DFE152D282012E70042881A /* Spotify-DesignTests */,
				3DFE1537282012E70042881A /* Spotify-DesignUITests */,
			);
		};
/* End PBXProject section */

/* Begin PBXResourcesBuildPhase section */
		3DFE1513282012E60042881A /* Resources */ = {
			isa = PBXResourcesBuildPhase;
			buildActionMask = 2147483647;
			files = (
				3DFE1528282012E70042881A /* LaunchScreen.storyboard in Resources */,
				3DFE1525282012E70042881A /* Assets.xcassets in Resources */,
				3DFE1520282012E60042881A /* Main.storyboard in Resources */,
			);
			runOnlyForDeploymentPostprocessing = 0;
		};
		3DFE152C282012E70042881A /* Resources */ = {
			isa = PBXResourcesBuildPhase;
			buildActionMask = 2147483647;
			files = (
			);
			runOnlyForDeploymentPostprocessing = 0;
		};
		3DFE1536282012E70042881A /* Resources */ = {
			isa = PBXResourcesBuildPhase;
			buildActionMask = 2147483647;
			files = (
			);
			runOnlyForDeploymentPostprocessing = 0;
		};
/* End PBXResourcesBuildPhase section */

/* Begin PBXSourcesBuildPhase section */
		3DFE1511282012E60042881A /* Sources */ = {
			isa = PBXSourcesBuildPhase;
			buildActionMask = 2147483647;
			files = (
				3DFE155128202DFD0042881A /* SearchViewController.swift in Sources */,
				3D85966F2820804F00FC027C /* MusicTypes.swift in Sources */,
				3DFE151D282012E60042881A /* ViewController.swift in Sources */,
				3DFE1519282012E60042881A /* AppDelegate.swift in Sources */,
				3DFE1523282012E60042881A /* Spotify_Design.xcdatamodeld in Sources */,
				3DFE155328202E110042881A /* YourLibraryViewController.swift in Sources */,
				3D066C7A2821DE6900DC7D66 /* SearchBrowseAllCollectionViewCell.swift in Sources */,
				3DFE151B282012E60042881A /* SceneDelegate.swift in Sources */,
				3D57D4CF282126CF00D16197 /* SearchTopGenresCollectionViewCell.swift in Sources */,
				3DFE154F28202DE80042881A /* MainViewController.swift in Sources */,
			);
			runOnlyForDeploymentPostprocessing = 0;
		};
		3DFE152A282012E70042881A /* Sources */ = {
			isa = PBXSourcesBuildPhase;
			buildActionMask = 2147483647;
			files = (
				3DFE1533282012E70042881A /* Spotify_DesignTests.swift in Sources */,
			);
			runOnlyForDeploymentPostprocessing = 0;
		};
		3DFE1534282012E70042881A /* Sources */ = {
			isa = PBXSourcesBuildPhase;
			buildActionMask = 2147483647;
			files = (
				3DFE153D282012E70042881A /* Spotify_DesignUITests.swift in Sources */,
				3DFE153F282012E70042881A /* Spotify_DesignUITestsLaunchTests.swift in Sources */,
			);
			runOnlyForDeploymentPostprocessing = 0;
		};
/* End PBXSourcesBuildPhase section */

/* Begin PBXTargetDependency section */
		3DFE1530282012E70042881A /* PBXTargetDependency */ = {
			isa = PBXTargetDependency;
			target = 3DFE1514282012E60042881A /* Spotify-Design */;
			targetProxy = 3DFE152F282012E70042881A /* PBXContainerItemProxy */;
		};
		3DFE153A282012E70042881A /* PBXTargetDependency */ = {
			isa = PBXTargetDependency;
			target = 3DFE1514282012E60042881A /* Spotify-Design */;
			targetProxy = 3DFE1539282012E70042881A /* PBXContainerItemProxy */;
		};
/* End PBXTargetDependency section */

/* Begin PBXVariantGroup section */
		3DFE151E282012E60042881A /* Main.storyboard */ = {
			isa = PBXVariantGroup;
			children = (
				3DFE151F282012E60042881A /* Base */,
				3DFE154B282029230042881A /* tr */,
				3DFE154D282029C70042881A /* en-GB */,
			);
			name = Main.storyboard;
			sourceTree = "<group>";
		};
		3DFE1526282012E70042881A /* LaunchScreen.storyboard */ = {
			isa = PBXVariantGroup;
			children = (
				3DFE1527282012E70042881A /* Base */,
				3DFE154C282029230042881A /* tr */,
			);
			name = LaunchScreen.storyboard;
			sourceTree = "<group>";
		};
/* End PBXVariantGroup section */

/* Begin XCBuildConfiguration section */
		3DFE1540282012E70042881A /* Debug */ = {
			isa = XCBuildConfiguration;
			buildSettings = {
				ALWAYS_SEARCH_USER_PATHS = NO;
				CLANG_ANALYZER_LOCALIZABILITY_NONLOCALIZED = YES;
				CLANG_ANALYZER_NONNULL = YES;
				CLANG_ANALYZER_NUMBER_OBJECT_CONVERSION = YES_AGGRESSIVE;
				CLANG_CXX_LANGUAGE_STANDARD = "gnu++17";
				CLANG_CXX_LIBRARY = "libc++";
				CLANG_ENABLE_MODULES = YES;
				CLANG_ENABLE_OBJC_ARC = YES;
				CLANG_ENABLE_OBJC_WEAK = YES;
				CLANG_WARN_BLOCK_CAPTURE_AUTORELEASING = YES;
				CLANG_WARN_BOOL_CONVERSION = YES;
				CLANG_WARN_COMMA = YES;
				CLANG_WARN_CONSTANT_CONVERSION = YES;
				CLANG_WARN_DEPRECATED_OBJC_IMPLEMENTATIONS = YES;
				CLANG_WARN_DIRECT_OBJC_ISA_USAGE = YES_ERROR;
				CLANG_WARN_DOCUMENTATION_COMMENTS = YES;
				CLANG_WARN_EMPTY_BODY = YES;
				CLANG_WARN_ENUM_CONVERSION = YES;
				CLANG_WARN_INFINITE_RECURSION = YES;
				CLANG_WARN_INT_CONVERSION = YES;
				CLANG_WARN_NON_LITERAL_NULL_CONVERSION = YES;
				CLANG_WARN_OBJC_IMPLICIT_RETAIN_SELF = YES;
				CLANG_WARN_OBJC_LITERAL_CONVERSION = YES;
				CLANG_WARN_OBJC_ROOT_CLASS = YES_ERROR;
				CLANG_WARN_QUOTED_INCLUDE_IN_FRAMEWORK_HEADER = YES;
				CLANG_WARN_RANGE_LOOP_ANALYSIS = YES;
				CLANG_WARN_STRICT_PROTOTYPES = YES;
				CLANG_WARN_SUSPICIOUS_MOVE = YES;
				CLANG_WARN_UNGUARDED_AVAILABILITY = YES_AGGRESSIVE;
				CLANG_WARN_UNREACHABLE_CODE = YES;
				CLANG_WARN__DUPLICATE_METHOD_MATCH = YES;
				CODE_SIGN_IDENTITY = "Apple Development";
				COPY_PHASE_STRIP = NO;
				DEBUG_INFORMATION_FORMAT = dwarf;
				"DEVELOPMENT_TEAM[sdk=*]" = RT5UP3L47X;
				ENABLE_STRICT_OBJC_MSGSEND = YES;
				ENABLE_TESTABILITY = YES;
				GCC_C_LANGUAGE_STANDARD = gnu11;
				GCC_DYNAMIC_NO_PIC = NO;
				GCC_NO_COMMON_BLOCKS = YES;
				GCC_OPTIMIZATION_LEVEL = 0;
				GCC_PREPROCESSOR_DEFINITIONS = (
					"DEBUG=1",
					"$(inherited)",
				);
				GCC_WARN_64_TO_32_BIT_CONVERSION = YES;
				GCC_WARN_ABOUT_RETURN_TYPE = YES_ERROR;
				GCC_WARN_UNDECLARED_SELECTOR = YES;
				GCC_WARN_UNINITIALIZED_AUTOS = YES_AGGRESSIVE;
				GCC_WARN_UNUSED_FUNCTION = YES;
				GCC_WARN_UNUSED_VARIABLE = YES;
				IPHONEOS_DEPLOYMENT_TARGET = 15.2;
				MTL_ENABLE_DEBUG_INFO = INCLUDE_SOURCE;
				MTL_FAST_MATH = YES;
				ONLY_ACTIVE_ARCH = YES;
				SDKROOT = iphoneos;
				SWIFT_ACTIVE_COMPILATION_CONDITIONS = DEBUG;
				SWIFT_OPTIMIZATION_LEVEL = "-Onone";
			};
			name = Debug;
		};
		3DFE1541282012E70042881A /* Release */ = {
			isa = XCBuildConfiguration;
			buildSettings = {
				ALWAYS_SEARCH_USER_PATHS = NO;
				CLANG_ANALYZER_LOCALIZABILITY_NONLOCALIZED = YES;
				CLANG_ANALYZER_NONNULL = YES;
				CLANG_ANALYZER_NUMBER_OBJECT_CONVERSION = YES_AGGRESSIVE;
				CLANG_CXX_LANGUAGE_STANDARD = "gnu++17";
				CLANG_CXX_LIBRARY = "libc++";
				CLANG_ENABLE_MODULES = YES;
				CLANG_ENABLE_OBJC_ARC = YES;
				CLANG_ENABLE_OBJC_WEAK = YES;
				CLANG_WARN_BLOCK_CAPTURE_AUTORELEASING = YES;
				CLANG_WARN_BOOL_CONVERSION = YES;
				CLANG_WARN_COMMA = YES;
				CLANG_WARN_CONSTANT_CONVERSION = YES;
				CLANG_WARN_DEPRECATED_OBJC_IMPLEMENTATIONS = YES;
				CLANG_WARN_DIRECT_OBJC_ISA_USAGE = YES_ERROR;
				CLANG_WARN_DOCUMENTATION_COMMENTS = YES;
				CLANG_WARN_EMPTY_BODY = YES;
				CLANG_WARN_ENUM_CONVERSION = YES;
				CLANG_WARN_INFINITE_RECURSION = YES;
				CLANG_WARN_INT_CONVERSION = YES;
				CLANG_WARN_NON_LITERAL_NULL_CONVERSION = YES;
				CLANG_WARN_OBJC_IMPLICIT_RETAIN_SELF = YES;
				CLANG_WARN_OBJC_LITERAL_CONVERSION = YES;
				CLANG_WARN_OBJC_ROOT_CLASS = YES_ERROR;
				CLANG_WARN_QUOTED_INCLUDE_IN_FRAMEWORK_HEADER = YES;
				CLANG_WARN_RANGE_LOOP_ANALYSIS = YES;
				CLANG_WARN_STRICT_PROTOTYPES = YES;
				CLANG_WARN_SUSPICIOUS_MOVE = YES;
				CLANG_WARN_UNGUARDED_AVAILABILITY = YES_AGGRESSIVE;
				CLANG_WARN_UNREACHABLE_CODE = YES;
				CLANG_WARN__DUPLICATE_METHOD_MATCH = YES;
				CODE_SIGN_IDENTITY = "Apple Development";
				COPY_PHASE_STRIP = NO;
				DEBUG_INFORMATION_FORMAT = "dwarf-with-dsym";
				"DEVELOPMENT_TEAM[sdk=*]" = RT5UP3L47X;
				ENABLE_NS_ASSERTIONS = NO;
				ENABLE_STRICT_OBJC_MSGSEND = YES;
				GCC_C_LANGUAGE_STANDARD = gnu11;
				GCC_NO_COMMON_BLOCKS = YES;
				GCC_WARN_64_TO_32_BIT_CONVERSION = YES;
				GCC_WARN_ABOUT_RETURN_TYPE = YES_ERROR;
				GCC_WARN_UNDECLARED_SELECTOR = YES;
				GCC_WARN_UNINITIALIZED_AUTOS = YES_AGGRESSIVE;
				GCC_WARN_UNUSED_FUNCTION = YES;
				GCC_WARN_UNUSED_VARIABLE = YES;
				IPHONEOS_DEPLOYMENT_TARGET = 15.2;
				MTL_ENABLE_DEBUG_INFO = NO;
				MTL_FAST_MATH = YES;
				SDKROOT = iphoneos;
				SWIFT_COMPILATION_MODE = wholemodule;
				SWIFT_OPTIMIZATION_LEVEL = "-O";
				VALIDATE_PRODUCT = YES;
			};
			name = Release;
		};
		3DFE1543282012E70042881A /* Debug */ = {
			isa = XCBuildConfiguration;
			buildSettings = {
				ASSETCATALOG_COMPILER_APPICON_NAME = AppIcon;
				ASSETCATALOG_COMPILER_GLOBAL_ACCENT_COLOR_NAME = AccentColor;
				CODE_SIGN_STYLE = Automatic;
				CURRENT_PROJECT_VERSION = 1;
				GENERATE_INFOPLIST_FILE = YES;
				INFOPLIST_FILE = "Spotify-Design/Info.plist";
				INFOPLIST_KEY_UIApplicationSupportsIndirectInputEvents = YES;
				INFOPLIST_KEY_UILaunchStoryboardName = LaunchScreen;
				INFOPLIST_KEY_UIMainStoryboardFile = Main;
				INFOPLIST_KEY_UISupportedInterfaceOrientations_iPad = "UIInterfaceOrientationPortrait UIInterfaceOrientationPortraitUpsideDown UIInterfaceOrientationLandscapeLeft UIInterfaceOrientationLandscapeRight";
				INFOPLIST_KEY_UISupportedInterfaceOrientations_iPhone = "UIInterfaceOrientationPortrait UIInterfaceOrientationLandscapeLeft UIInterfaceOrientationLandscapeRight";
				LD_RUNPATH_SEARCH_PATHS = (
					"$(inherited)",
					"@executable_path/Frameworks",
				);
				MARKETING_VERSION = 1.0;
				PRODUCT_BUNDLE_IDENTIFIER = "com.info.Spotify-Design";
				PRODUCT_NAME = "$(TARGET_NAME)";
				SWIFT_EMIT_LOC_STRINGS = YES;
				SWIFT_VERSION = 5.0;
				TARGETED_DEVICE_FAMILY = "1,2";
			};
			name = Debug;
		};
		3DFE1544282012E70042881A /* Release */ = {
			isa = XCBuildConfiguration;
			buildSettings = {
				ASSETCATALOG_COMPILER_APPICON_NAME = AppIcon;
				ASSETCATALOG_COMPILER_GLOBAL_ACCENT_COLOR_NAME = AccentColor;
				CODE_SIGN_STYLE = Automatic;
				CURRENT_PROJECT_VERSION = 1;
				GENERATE_INFOPLIST_FILE = YES;
				INFOPLIST_FILE = "Spotify-Design/Info.plist";
				INFOPLIST_KEY_UIApplicationSupportsIndirectInputEvents = YES;
				INFOPLIST_KEY_UILaunchStoryboardName = LaunchScreen;
				INFOPLIST_KEY_UIMainStoryboardFile = Main;
				INFOPLIST_KEY_UISupportedInterfaceOrientations_iPad = "UIInterfaceOrientationPortrait UIInterfaceOrientationPortraitUpsideDown UIInterfaceOrientationLandscapeLeft UIInterfaceOrientationLandscapeRight";
				INFOPLIST_KEY_UISupportedInterfaceOrientations_iPhone = "UIInterfaceOrientationPortrait UIInterfaceOrientationLandscapeLeft UIInterfaceOrientationLandscapeRight";
				LD_RUNPATH_SEARCH_PATHS = (
					"$(inherited)",
					"@executable_path/Frameworks",
				);
				MARKETING_VERSION = 1.0;
				PRODUCT_BUNDLE_IDENTIFIER = "com.info.Spotify-Design";
				PRODUCT_NAME = "$(TARGET_NAME)";
				SWIFT_EMIT_LOC_STRINGS = YES;
				SWIFT_VERSION = 5.0;
				TARGETED_DEVICE_FAMILY = "1,2";
			};
			name = Release;
		};
		3DFE1546282012E70042881A /* Debug */ = {
			isa = XCBuildConfiguration;
			buildSettings = {
				ALWAYS_EMBED_SWIFT_STANDARD_LIBRARIES = YES;
				BUNDLE_LOADER = "$(TEST_HOST)";
				CODE_SIGN_STYLE = Automatic;
				CURRENT_PROJECT_VERSION = 1;
				GENERATE_INFOPLIST_FILE = YES;
				IPHONEOS_DEPLOYMENT_TARGET = 15.2;
				MARKETING_VERSION = 1.0;
				PRODUCT_BUNDLE_IDENTIFIER = "com.info.Spotify-DesignTests";
				PRODUCT_NAME = "$(TARGET_NAME)";
				SWIFT_EMIT_LOC_STRINGS = NO;
				SWIFT_VERSION = 5.0;
				TARGETED_DEVICE_FAMILY = "1,2";
				TEST_HOST = "$(BUILT_PRODUCTS_DIR)/Spotify-Design.app/Spotify-Design";
			};
			name = Debug;
		};
		3DFE1547282012E70042881A /* Release */ = {
			isa = XCBuildConfiguration;
			buildSettings = {
				ALWAYS_EMBED_SWIFT_STANDARD_LIBRARIES = YES;
				BUNDLE_LOADER = "$(TEST_HOST)";
				CODE_SIGN_STYLE = Automatic;
				CURRENT_PROJECT_VERSION = 1;
				GENERATE_INFOPLIST_FILE = YES;
				IPHONEOS_DEPLOYMENT_TARGET = 15.2;
				MARKETING_VERSION = 1.0;
				PRODUCT_BUNDLE_IDENTIFIER = "com.info.Spotify-DesignTests";
				PRODUCT_NAME = "$(TARGET_NAME)";
				SWIFT_EMIT_LOC_STRINGS = NO;
				SWIFT_VERSION = 5.0;
				TARGETED_DEVICE_FAMILY = "1,2";
				TEST_HOST = "$(BUILT_PRODUCTS_DIR)/Spotify-Design.app/Spotify-Design";
			};
			name = Release;
		};
		3DFE1549282012E70042881A /* Debug */ = {
			isa = XCBuildConfiguration;
			buildSettings = {
				ALWAYS_EMBED_SWIFT_STANDARD_LIBRARIES = YES;
				CODE_SIGN_STYLE = Automatic;
				CURRENT_PROJECT_VERSION = 1;
				GENERATE_INFOPLIST_FILE = YES;
				MARKETING_VERSION = 1.0;
				PRODUCT_BUNDLE_IDENTIFIER = "com.info.Spotify-DesignUITests";
				PRODUCT_NAME = "$(TARGET_NAME)";
				SWIFT_EMIT_LOC_STRINGS = NO;
				SWIFT_VERSION = 5.0;
				TARGETED_DEVICE_FAMILY = "1,2";
				TEST_TARGET_NAME = "Spotify-Design";
			};
			name = Debug;
		};
		3DFE154A282012E70042881A /* Release */ = {
			isa = XCBuildConfiguration;
			buildSettings = {
				ALWAYS_EMBED_SWIFT_STANDARD_LIBRARIES = YES;
				CODE_SIGN_STYLE = Automatic;
				CURRENT_PROJECT_VERSION = 1;
				GENERATE_INFOPLIST_FILE = YES;
				MARKETING_VERSION = 1.0;
				PRODUCT_BUNDLE_IDENTIFIER = "com.info.Spotify-DesignUITests";
				PRODUCT_NAME = "$(TARGET_NAME)";
				SWIFT_EMIT_LOC_STRINGS = NO;
				SWIFT_VERSION = 5.0;
				TARGETED_DEVICE_FAMILY = "1,2";
				TEST_TARGET_NAME = "Spotify-Design";
			};
			name = Release;
		};
/* End XCBuildConfiguration section */

/* Begin XCConfigurationList section */
		3DFE1510282012E60042881A /* Build configuration list for PBXProject "Spotify-Design" */ = {
			isa = XCConfigurationList;
			buildConfigurations = (
				3DFE1540282012E70042881A /* Debug */,
				3DFE1541282012E70042881A /* Release */,
			);
			defaultConfigurationIsVisible = 0;
			defaultConfigurationName = Release;
		};
		3DFE1542282012E70042881A /* Build configuration list for PBXNativeTarget "Spotify-Design" */ = {
			isa = XCConfigurationList;
			buildConfigurations = (
				3DFE1543282012E70042881A /* Debug */,
				3DFE1544282012E70042881A /* Release */,
			);
			defaultConfigurationIsVisible = 0;
			defaultConfigurationName = Release;
		};
		3DFE1545282012E70042881A /* Build configuration list for PBXNativeTarget "Spotify-DesignTests" */ = {
			isa = XCConfigurationList;
			buildConfigurations = (
				3DFE1546282012E70042881A /* Debug */,
				3DFE1547282012E70042881A /* Release */,
			);
			defaultConfigurationIsVisible = 0;
			defaultConfigurationName = Release;
		};
		3DFE1548282012E70042881A /* Build configuration list for PBXNativeTarget "Spotify-DesignUITests" */ = {
			isa = XCConfigurationList;
			buildConfigurations = (
				3DFE1549282012E70042881A /* Debug */,
				3DFE154A282012E70042881A /* Release */,
			);
			defaultConfigurationIsVisible = 0;
			defaultConfigurationName = Release;
		};
/* End XCConfigurationList section */

/* Begin XCVersionGroup section */
		3DFE1521282012E60042881A /* Spotify_Design.xcdatamodeld */ = {
			isa = XCVersionGroup;
			children = (
				3DFE1522282012E60042881A /* Spotify_Design.xcdatamodel */,
			);
			currentVersion = 3DFE1522282012E60042881A /* Spotify_Design.xcdatamodel */;
			path = Spotify_Design.xcdatamodeld;
			sourceTree = "<group>";
			versionGroupType = wrapper.xcdatamodel;
		};
/* End XCVersionGroup section */
	};
	rootObject = 3DFE150D282012E60042881A /* Project object */;
}
